
Microsoft Visual Studio Solution File, Format Version 11.00
# Visual Studio 2010
Project("{8BC9CEB8-8B4A-11D0-8D11-00A0C91BC942}") = "server", "server.vcxproj", "{864CD288-050A-4C8B-9BEF-3048BD876C5B}"
EndProject
Project("{8BC9CEB8-8B4A-11D0-8D11-00A0C91BC942}") = "client", "client.vcxproj", "{6DB1FC63-B153-4279-92B7-D8A11AF285D6}"
EndProject
Project("{2150E333-8FDC-42A3-9474-1A3956D46DE8}") = "Solution Items", "Solution Items", "{280E605F-0CB8-4336-8D9F-CE50A9472AE2}"
	ProjectSection(SolutionItems) = preProject
		..\README.md = ..\README.md
	EndProjectSection
EndProject
Global
	GlobalSection(SolutionConfigurationPlatforms) = preSolution
		Debug|Win32 = Debug|Win32
		Release|Win32 = Release|Win32
	EndGlobalSection
	GlobalSection(ProjectConfigurationPlatforms) = postSolution
		{864CD288-050A-4C8B-9BEF-3048BD876C5B}.Debug|Win32.ActiveCfg = Debug|Win32
		{864CD288-050A-4C8B-9BEF-3048BD876C5B}.Debug|Win32.Build.0 = Debug|Win32
		{864CD288-050A-4C8B-9BEF-3048BD876C5B}.Release|Win32.ActiveCfg = Release|Win32
		{864CD288-050A-4C8B-9BEF-3048BD876C5B}.Release|Win32.Build.0 = Release|Win32
		{6DB1FC63-B153-4279-92B7-D8A11AF285D6}.Debug|Win32.ActiveCfg = Debug|Win32
		{6DB1FC63-B153-4279-92B7-D8A11AF285D6}.Debug|Win32.Build.0 = Debug|Win32
		{6DB1FC63-B153-4279-92B7-D8A11AF285D6}.Release|Win32.ActiveCfg = Release|Win32
		{6DB1FC63-B153-4279-92B7-D8A11AF285D6}.Release|Win32.Build.0 = Release|Win32
	EndGlobalSection
	GlobalSection(SolutionProperties) = preSolution
		HideSolutionNode = FALSE
	EndGlobalSection
EndGlobal
