// !$*UTF8*$!
{
	archiveVersion = 1;
	classes = {
	};
	objectVersion = 46;
	objects = {

/* Begin PBXBuildFile section */
		BAA4BF2517280236003EF6AD /* test.cc in Sources */ = {isa = PBXBuildFile; fileRef = BAA4BF2417280236003EF6AD /* test.cc */; };
		BAF46809172813BB0069D928 /* gtest-all.cc in Sources */ = {isa = PBXBuildFile; fileRef = BAF46806172813BB0069D928 /* gtest-all.cc */; };
		BAF4680A172813BB0069D928 /* gtest_main.cc in Sources */ = {isa = PBXBuildFile; fileRef = BAF46808172813BB0069D928 /* gtest_main.cc */; };
/* End PBXBuildFile section */

/* Begin PBXCopyFilesBuildPhase section */
		BAE5F9C51727F08F001D0075 /* CopyFiles */ = {
			isa = PBXCopyFilesBuildPhase;
			buildActionMask = 2147483647;
			dstPath = /usr/share/man/man1/;
			dstSubfolderSpec = 0;
			files = (
			);
			runOnlyForDeploymentPostprocessing = 1;
		};
/* End PBXCopyFilesBuildPhase section */

/* Begin PBXFileReference section */
		BAA4BF2417280236003EF6AD /* test.cc */ = {isa = PBXFileReference; fileEncoding = 4; lastKnownFileType = sourcecode.cpp.cpp; path = test.cc; sourceTree = SOURCE_ROOT; };
		BAE5F9C71727F08F001D0075 /* test */ = {isa = PBXFileReference; explicitFileType = "compiled.mach-o.executable"; includeInIndex = 0; path = test; sourceTree = BUILT_PRODUCTS_DIR; };
		BAF46806172813BB0069D928 /* gtest-all.cc */ = {isa = PBXFileReference; fileEncoding = 4; lastKnownFileType = sourcecode.cpp.cpp; path = "gtest-all.cc"; sourceTree = "<group>"; };
		BAF46807172813BB0069D928 /* gtest.h */ = {isa = PBXFileReference; fileEncoding = 4; lastKnownFileType = sourcecode.c.h; path = gtest.h; sourceTree = "<group>"; };
		BAF46808172813BB0069D928 /* gtest_main.cc */ = {isa = PBXFileReference; fileEncoding = 4; lastKnownFileType = sourcecode.cpp.cpp; path = gtest_main.cc; sourceTree = "<group>"; };
/* End PBXFileReference section */

/* Begin PBXFrameworksBuildPhase section */
		BAE5F9C41727F08F001D0075 /* Frameworks */ = {
			isa = PBXFrameworksBuildPhase;
			buildActionMask = 2147483647;
			files = (
			);
			runOnlyForDeploymentPostprocessing = 0;
		};
/* End PBXFrameworksBuildPhase section */

/* Begin PBXGroup section */
		BAE5F9BE1727F08F001D0075 = {
			isa = PBXGroup;
			children = (
				BAE5F9C91727F08F001D0075 /* test */,
				BAE5F9C81727F08F001D0075 /* Products */,
			);
			sourceTree = "<group>";
		};
		BAE5F9C81727F08F001D0075 /* Products */ = {
			isa = PBXGroup;
			children = (
				BAE5F9C71727F08F001D0075 /* test */,
			);
			name = Products;
			sourceTree = "<group>";
		};
		BAE5F9C91727F08F001D0075 /* test */ = {
			isa = PBXGroup;
			children = (
				BAF46805172813BB0069D928 /* gtest */,
				BAA4BF2417280236003EF6AD /* test.cc */,
			);
			path = test;
			sourceTree = "<group>";
		};
		BAF46805172813BB0069D928 /* gtest */ = {
			isa = PBXGroup;
			children = (
				BAF46806172813BB0069D928 /* gtest-all.cc */,
				BAF46807172813BB0069D928 /* gtest.h */,
				BAF46808172813BB0069D928 /* gtest_main.cc */,
			);
			path = gtest;
			sourceTree = SOURCE_ROOT;
		};
/* End PBXGroup section */

/* Begin PBXNativeTarget section */
		BAE5F9C61727F08F001D0075 /* test */ = {
			isa = PBXNativeTarget;
			buildConfigurationList = BAE5F9D01727F08F001D0075 /* Build configuration list for PBXNativeTarget "test" */;
			buildPhases = (
				BAE5F9C31727F08F001D0075 /* Sources */,
				BAE5F9C41727F08F001D0075 /* Frameworks */,
				BAE5F9C51727F08F001D0075 /* CopyFiles */,
			);
			buildRules = (
			);
			dependencies = (
			);
			name = test;
			productName = test;
			productReference = BAE5F9C71727F08F001D0075 /* test */;
			productType = "com.apple.product-type.tool";
		};
/* End PBXNativeTarget section */

/* Begin PBXProject section */
		BAE5F9BF1727F08F001D0075 /* Project object */ = {
			isa = PBXProject;
			attributes = {
				LastUpgradeCheck = 0460;
				ORGANIZATIONNAME = "Yuji Hirose";
			};
			buildConfigurationList = BAE5F9C21727F08F001D0075 /* Build configuration list for PBXProject "test" */;
			compatibilityVersion = "Xcode 3.2";
			developmentRegion = English;
			hasScannedForEncodings = 0;
			knownRegions = (
				en,
			);
			mainGroup = BAE5F9BE1727F08F001D0075;
			productRefGroup = BAE5F9C81727F08F001D0075 /* Products */;
			projectDirPath = "";
			projectRoot = "";
			targets = (
				BAE5F9C61727F08F001D0075 /* test */,
			);
		};
/* End PBXProject section */

/* Begin PBXSourcesBuildPhase section */
		BAE5F9C31727F08F001D0075 /* Sources */ = {
			isa = PBXSourcesBuildPhase;
			buildActionMask = 2147483647;
			files = (
				BAA4BF2517280236003EF6AD /* test.cc in Sources */,
				BAF46809172813BB0069D928 /* gtest-all.cc in Sources */,
				BAF4680A172813BB0069D928 /* gtest_main.cc in Sources */,
			);
			runOnlyForDeploymentPostprocessing = 0;
		};
/* End PBXSourcesBuildPhase section */

/* Begin XCBuildConfiguration section */
		BAE5F9CE1727F08F001D0075 /* Debug */ = {
			isa = XCBuildConfiguration;
			buildSettings = {
				ALWAYS_SEARCH_USER_PATHS = NO;
				ARCHS = "$(ARCHS_STANDARD_64_BIT)";
				CLANG_CXX_LANGUAGE_STANDARD = "gnu++0x";
				CLANG_CXX_LIBRARY = "libc++";
				CLANG_WARN_CONSTANT_CONVERSION = YES;
				CLANG_WARN_EMPTY_BODY = YES;
				CLANG_WARN_ENUM_CONVERSION = YES;
				CLANG_WARN_INT_CONVERSION = YES;
				CLANG_WARN__DUPLICATE_METHOD_MATCH = YES;
				COPY_PHASE_STRIP = NO;
				GCC_C_LANGUAGE_STANDARD = gnu99;
				GCC_DYNAMIC_NO_PIC = NO;
				GCC_ENABLE_OBJC_EXCEPTIONS = YES;
				GCC_OPTIMIZATION_LEVEL = 0;
				GCC_PREPROCESSOR_DEFINITIONS = (
					GTEST_USE_OWN_TR1_TUPLE,
					"DEBUG=1",
					"$(inherited)",
				);
				GCC_SYMBOLS_PRIVATE_EXTERN = NO;
				GCC_WARN_64_TO_32_BIT_CONVERSION = YES;
				GCC_WARN_ABOUT_RETURN_TYPE = YES;
				GCC_WARN_UNINITIALIZED_AUTOS = YES;
				GCC_WARN_UNUSED_VARIABLE = YES;
				HEADER_SEARCH_PATHS = (
					"../**",
					"./**",
				);
				MACOSX_DEPLOYMENT_TARGET = 10.7;
				ONLY_ACTIVE_ARCH = YES;
				SDKROOT = macosx;
				USER_HEADER_SEARCH_PATHS = "";
			};
			name = Debug;
		};
		BAE5F9CF1727F08F001D0075 /* Release */ = {
			isa = XCBuildConfiguration;
			buildSettings = {
				ALWAYS_SEARCH_USER_PATHS = NO;
				ARCHS = "$(ARCHS_STANDARD_64_BIT)";
				CLANG_CXX_LANGUAGE_STANDARD = "gnu++0x";
				CLANG_CXX_LIBRARY = "libc++";
				CLANG_WARN_CONSTANT_CONVERSION = YES;
				CLANG_WARN_EMPTY_BODY = YES;
				CLANG_WARN_ENUM_CONVERSION = YES;
				CLANG_WARN_INT_CONVERSION = YES;
				CLANG_WARN__DUPLICATE_METHOD_MATCH = YES;
				COPY_PHASE_STRIP = YES;
				DEBUG_INFORMATION_FORMAT = "dwarf-with-dsym";
				GCC_C_LANGUAGE_STANDARD = gnu99;
				GCC_ENABLE_OBJC_EXCEPTIONS = YES;
				GCC_PREPROCESSOR_DEFINITIONS = GTEST_USE_OWN_TR1_TUPLE;
				GCC_WARN_64_TO_32_BIT_CONVERSION = YES;
				GCC_WARN_ABOUT_RETURN_TYPE = YES;
				GCC_WARN_UNINITIALIZED_AUTOS = YES;
				GCC_WARN_UNUSED_VARIABLE = YES;
				HEADER_SEARCH_PATHS = (
					"../**",
					"./**",
				);
				MACOSX_DEPLOYMENT_TARGET = 10.7;
				SDKROOT = macosx;
				USER_HEADER_SEARCH_PATHS = "";
			};
			name = Release;
		};
		BAE5F9D11727F08F001D0075 /* Debug */ = {
			isa = XCBuildConfiguration;
			buildSettings = {
				PRODUCT_NAME = "$(TARGET_NAME)";
			};
			name = Debug;
		};
		BAE5F9D21727F08F001D0075 /* Release */ = {
			isa = XCBuildConfiguration;
			buildSettings = {
				PRODUCT_NAME = "$(TARGET_NAME)";
			};
			name = Release;
		};
/* End XCBuildConfiguration section */

/* Begin XCConfigurationList section */
		BAE5F9C21727F08F001D0075 /* Build configuration list for PBXProject "test" */ = {
			isa = XCConfigurationList;
			buildConfigurations = (
				BAE5F9CE1727F08F001D0075 /* Debug */,
				BAE5F9CF1727F08F001D0075 /* Release */,
			);
			defaultConfigurationIsVisible = 0;
			defaultConfigurationName = Release;
		};
		BAE5F9D01727F08F001D0075 /* Build configuration list for PBXNativeTarget "test" */ = {
			isa = XCConfigurationList;
			buildConfigurations = (
				BAE5F9D11727F08F001D0075 /* Debug */,
				BAE5F9D21727F08F001D0075 /* Release */,
			);
			defaultConfigurationIsVisible = 0;
			defaultConfigurationName = Release;
		};
/* End XCConfigurationList section */
	};
	rootObject = BAE5F9BF1727F08F001D0075 /* Project object */;
}
